Microsoft Visual Studio Solution File, Format Version 12.00
# Visual Studio Version 17
VisualStudioVersion = 17.5.2.0
MinimumVisualStudioVersion = 10.0.40219.1
Project("{FAE04EC0-301F-11D3-BF4B-00C04F79EFBC}") = "MonApiBackend", "backend-api\MonApiBackend.csproj", "{6DB4337B-C9ED-AA8A-CE12-A89936CC0DB1}"
EndProject
Global
	GlobalSection(SolutionConfigurationPlatforms) = preSolution
		Debug|Any CPU = Debug|Any CPU
		Release|Any CPU = Release|Any CPU
	EndGlobalSection
	GlobalSection(ProjectConfigurationPlatforms) = postSolution
		{6DB4337B-C9ED-AA8A-CE12-A89936CC0DB1}.Debug|Any CPU.ActiveCfg = Debug|Any CPU
		{6DB4337B-C9ED-AA8A-CE12-A89936CC0DB1}.Debug|Any CPU.Build.0 = Debug|Any CPU
		{6DB4337B-C9ED-AA8A-CE12-A89936CC0DB1}.Release|Any CPU.ActiveCfg = Release|Any CPU
		{6DB4337B-C9ED-AA8A-CE12-A89936CC0DB1}.Release|Any CPU.Build.0 = Release|Any CPU
	EndGlobalSection
	GlobalSection(SolutionProperties) = preSolution
		HideSolutionNode = FALSE
	EndGlobalSection
	GlobalSection(ExtensibilityGlobals) = postSolution
		SolutionGuid = {0182B8AF-EDBF-4589-8CF1-D32B2B450FAA}
	EndGlobalSection
EndGlobal
